
Microsoft Visual Studio Solution File, Format Version 12.00
# Visual Studio Version 16
VisualStudioVersion = 16.0.28729.10
MinimumVisualStudioVersion = 10.0.40219.1
Project("{FAE04EC0-301F-11D3-BF4B-00C04F79EFBC}") = "DuoEditor", "DuoEditor\DuoEditor.csproj", "{38BDD688-8D50-4E89-8148-5EF3C98F2AE8}"
EndProject
Project("{FAE04EC0-301F-11D3-BF4B-00C04F79EFBC}") = "DSLogVeiwer", "DSLogVeiwer\DSLogVeiwer.csproj", "{175A3EE0-B235-4C3A-BBF7-9431613FED6F}"
EndProject
Project("{FAE04EC0-301F-11D3-BF4B-00C04F79EFBC}") = "Requster", "NodeRequester\Requster.csproj", "{B2586928-8FF2-4FCE-B92B-48B306BB0212}"
EndProject
Project("{FAE04EC0-301F-11D3-BF4B-00C04F79EFBC}") = "DuoServer", "DuoServer\DuoServer.csproj", "{112CE240-0818-4DFD-93EA-B9E60FC212B2}"
EndProject
Project("{FAE04EC0-301F-11D3-BF4B-00C04F79EFBC}") = "DuoDatabase", "C:\Users\Yaman\source\repos\DuoDatabase\DuoDatabase\DuoDatabase.csproj", "{2D12183B-7054-4061-B169-4029DB4ED5D0}"
EndProject
Project("{FAE04EC0-301F-11D3-BF4B-00C04F79EFBC}") = "DuoLogger", "DuoLogger\DuoLogger.csproj", "{05A2ADB6-8A32-4351-BB59-239E06EDDEE0}"
EndProject
Project("{FAE04EC0-301F-11D3-BF4B-00C04F79EFBC}") = "Starter", "DuoEditorStarter\Starter.csproj", "{3AEC129D-E2AC-4095-9B68-689A06805EEA}"
EndProject
Project("{9A19103F-16F7-4668-BE54-9A1E7A4F7556}") = "DuoHost", "DuoHost\DuoHost.csproj", "{7F3A8F52-FFE9-466B-8048-32F10D0874AC}"
EndProject
Project("{9A19103F-16F7-4668-BE54-9A1E7A4F7556}") = "DuoManager", "DuoManager\DuoManager.csproj", "{C85403B6-44EE-471B-8DE4-F668487993E6}"
EndProject
Project("{2150E333-8FDC-42A3-9474-1A3956D46DE8}") = "Misc", "Misc", "{9294F777-A14F-4B1E-AE5A-315FD5224C73}"
EndProject
Project("{2150E333-8FDC-42A3-9474-1A3956D46DE8}") = "Tools", "Tools", "{CC2DEC10-DABD-4AA5-994D-D545C6B4A397}"
EndProject
Project("{2150E333-8FDC-42A3-9474-1A3956D46DE8}") = "Servers", "Servers", "{EB210F01-8EC3-4347-802E-303EF6F17215}"
EndProject
Project("{2150E333-8FDC-42A3-9474-1A3956D46DE8}") = "User Interfaces", "User Interfaces", "{05285203-50E0-4832-BC01-A3102D4657EE}"
EndProject
Project("{FAE04EC0-301F-11D3-BF4B-00C04F79EFBC}") = "TeamController", "TeamController\TeamController.csproj", "{6D4CF6A9-E9E9-4E23-B406-05F94C6DD1FA}"
EndProject
Project("{FAE04EC0-301F-11D3-BF4B-00C04F79EFBC}") = "OpenY Studio", "OpenY Studio\OpenY Studio.csproj", "{3EE70785-812F-4A36-94CB-884D1F7B4076}"
EndProject
Project("{2150E333-8FDC-42A3-9474-1A3956D46DE8}") = "OpenY", "OpenY", "{EB857644-3967-4872-91D6-74BA76F63981}"
EndProject
Project("{2150E333-8FDC-42A3-9474-1A3956D46DE8}") = "DE", "DE", "{63A03008-458C-4C40-90FE-A4E4C370FEBE}"
EndProject
Project("{FAE04EC0-301F-11D3-BF4B-00C04F79EFBC}") = "OpenY Compiler", "OpenY Compiler\OpenY Compiler.csproj", "{77AE61D0-8452-4C6D-A25A-1174BB87C12A}"
EndProject
Project("{FAE04EC0-301F-11D3-BF4B-00C04F79EFBC}") = "OpenY Prompt", "OpenY Prompt\OpenY Prompt.csproj", "{1882EA25-7AE2-4888-A652-D216CC00097A}"
EndProject
Project("{FAE04EC0-301F-11D3-BF4B-00C04F79EFBC}") = "OpenY", "OpenY\OpenY.csproj", "{610636C6-EDFE-4693-8F90-96B90F35BC55}"
EndProject
Global
	GlobalSection(SolutionConfigurationPlatforms) = preSolution
		Debug|Any CPU = Debug|Any CPU
		Debug|x64 = Debug|x64
		Debug|x86 = Debug|x86
		Release|Any CPU = Release|Any CPU
		Release|x64 = Release|x64
		Release|x86 = Release|x86
	EndGlobalSection
	GlobalSection(ProjectConfigurationPlatforms) = postSolution
		{38BDD688-8D50-4E89-8148-5EF3C98F2AE8}.Debug|Any CPU.ActiveCfg = Debug|Any CPU
		{38BDD688-8D50-4E89-8148-5EF3C98F2AE8}.Debug|Any CPU.Build.0 = Debug|Any CPU
		{38BDD688-8D50-4E89-8148-5EF3C98F2AE8}.Debug|x64.ActiveCfg = Debug|x64
		{38BDD688-8D50-4E89-8148-5EF3C98F2AE8}.Debug|x64.Build.0 = Debug|x64
		{38BDD688-8D50-4E89-8148-5EF3C98F2AE8}.Debug|x86.ActiveCfg = Debug|x86
		{38BDD688-8D50-4E89-8148-5EF3C98F2AE8}.Debug|x86.Build.0 = Debug|x86
		{38BDD688-8D50-4E89-8148-5EF3C98F2AE8}.Release|Any CPU.ActiveCfg = Release|Any CPU
		{38BDD688-8D50-4E89-8148-5EF3C98F2AE8}.Release|Any CPU.Build.0 = Release|Any CPU
		{38BDD688-8D50-4E89-8148-5EF3C98F2AE8}.Release|x64.ActiveCfg = Release|x64
		{38BDD688-8D50-4E89-8148-5EF3C98F2AE8}.Release|x64.Build.0 = Release|x64
		{38BDD688-8D50-4E89-8148-5EF3C98F2AE8}.Release|x86.ActiveCfg = Release|x86
		{38BDD688-8D50-4E89-8148-5EF3C98F2AE8}.Release|x86.Build.0 = Release|x86
		{175A3EE0-B235-4C3A-BBF7-9431613FED6F}.Debug|Any CPU.ActiveCfg = Debug|Any CPU
		{175A3EE0-B235-4C3A-BBF7-9431613FED6F}.Debug|Any CPU.Build.0 = Debug|Any CPU
		{175A3EE0-B235-4C3A-BBF7-9431613FED6F}.Debug|x64.ActiveCfg = Debug|Any CPU
		{175A3EE0-B235-4C3A-BBF7-9431613FED6F}.Debug|x86.ActiveCfg = Debug|Any CPU
		{175A3EE0-B235-4C3A-BBF7-9431613FED6F}.Release|Any CPU.ActiveCfg = Release|Any CPU
		{175A3EE0-B235-4C3A-BBF7-9431613FED6F}.Release|Any CPU.Build.0 = Release|Any CPU
		{175A3EE0-B235-4C3A-BBF7-9431613FED6F}.Release|x64.ActiveCfg = Release|Any CPU
		{175A3EE0-B235-4C3A-BBF7-9431613FED6F}.Release|x86.ActiveCfg = Release|Any CPU
		{B2586928-8FF2-4FCE-B92B-48B306BB0212}.Debug|Any CPU.ActiveCfg = Debug|Any CPU
		{B2586928-8FF2-4FCE-B92B-48B306BB0212}.Debug|Any CPU.Build.0 = Debug|Any CPU
		{B2586928-8FF2-4FCE-B92B-48B306BB0212}.Debug|x64.ActiveCfg = Debug|x64
		{B2586928-8FF2-4FCE-B92B-48B306BB0212}.Debug|x64.Build.0 = Debug|x64
		{B2586928-8FF2-4FCE-B92B-48B306BB0212}.Debug|x86.ActiveCfg = Debug|Any CPU
		{B2586928-8FF2-4FCE-B92B-48B306BB0212}.Release|Any CPU.ActiveCfg = Release|Any CPU
		{B2586928-8FF2-4FCE-B92B-48B306BB0212}.Release|Any CPU.Build.0 = Release|Any CPU
		{B2586928-8FF2-4FCE-B92B-48B306BB0212}.Release|x64.ActiveCfg = Release|x64
		{B2586928-8FF2-4FCE-B92B-48B306BB0212}.Release|x64.Build.0 = Release|x64
		{B2586928-8FF2-4FCE-B92B-48B306BB0212}.Release|x86.ActiveCfg = Release|Any CPU
		{112CE240-0818-4DFD-93EA-B9E60FC212B2}.Debug|Any CPU.ActiveCfg = Debug|Any CPU
		{112CE240-0818-4DFD-93EA-B9E60FC212B2}.Debug|Any CPU.Build.0 = Debug|Any CPU
		{112CE240-0818-4DFD-93EA-B9E60FC212B2}.Debug|x64.ActiveCfg = Debug|x64
		{112CE240-0818-4DFD-93EA-B9E60FC212B2}.Debug|x64.Build.0 = Debug|x64
		{112CE240-0818-4DFD-93EA-B9E60FC212B2}.Debug|x86.ActiveCfg = Debug|x86
		{112CE240-0818-4DFD-93EA-B9E60FC212B2}.Debug|x86.Build.0 = Debug|x86
		{112CE240-0818-4DFD-93EA-B9E60FC212B2}.Release|Any CPU.ActiveCfg = Release|Any CPU
		{112CE240-0818-4DFD-93EA-B9E60FC212B2}.Release|Any CPU.Build.0 = Release|Any CPU
		{112CE240-0818-4DFD-93EA-B9E60FC212B2}.Release|x64.ActiveCfg = Release|x64
		{112CE240-0818-4DFD-93EA-B9E60FC212B2}.Release|x64.Build.0 = Release|x64
		{112CE240-0818-4DFD-93EA-B9E60FC212B2}.Release|x86.ActiveCfg = Release|x86
		{112CE240-0818-4DFD-93EA-B9E60FC212B2}.Release|x86.Build.0 = Release|x86
		{2D12183B-7054-4061-B169-4029DB4ED5D0}.Debug|Any CPU.ActiveCfg = Debug|Any CPU
		{2D12183B-7054-4061-B169-4029DB4ED5D0}.Debug|Any CPU.Build.0 = Debug|Any CPU
		{2D12183B-7054-4061-B169-4029DB4ED5D0}.Debug|x64.ActiveCfg = Debug|x64
		{2D12183B-7054-4061-B169-4029DB4ED5D0}.Debug|x64.Build.0 = Debug|x64
		{2D12183B-7054-4061-B169-4029DB4ED5D0}.Debug|x86.ActiveCfg = Debug|Any CPU
		{2D12183B-7054-4061-B169-4029DB4ED5D0}.Release|Any CPU.ActiveCfg = Release|Any CPU
		{2D12183B-7054-4061-B169-4029DB4ED5D0}.Release|Any CPU.Build.0 = Release|Any CPU
		{2D12183B-7054-4061-B169-4029DB4ED5D0}.Release|x64.ActiveCfg = Release|x64
		{2D12183B-7054-4061-B169-4029DB4ED5D0}.Release|x64.Build.0 = Release|x64
		{2D12183B-7054-4061-B169-4029DB4ED5D0}.Release|x86.ActiveCfg = Release|Any CPU
		{05A2ADB6-8A32-4351-BB59-239E06EDDEE0}.Debug|Any CPU.ActiveCfg = Debug|Any CPU
		{05A2ADB6-8A32-4351-BB59-239E06EDDEE0}.Debug|Any CPU.Build.0 = Debug|Any CPU
		{05A2ADB6-8A32-4351-BB59-239E06EDDEE0}.Debug|x64.ActiveCfg = Debug|x64
		{05A2ADB6-8A32-4351-BB59-239E06EDDEE0}.Debug|x64.Build.0 = Debug|x64
		{05A2ADB6-8A32-4351-BB59-239E06EDDEE0}.Debug|x86.ActiveCfg = Debug|Any CPU
		{05A2ADB6-8A32-4351-BB59-239E06EDDEE0}.Release|Any CPU.ActiveCfg = Release|Any CPU
		{05A2ADB6-8A32-4351-BB59-239E06EDDEE0}.Release|Any CPU.Build.0 = Release|Any CPU
		{05A2ADB6-8A32-4351-BB59-239E06EDDEE0}.Release|x64.ActiveCfg = Release|x64
		{05A2ADB6-8A32-4351-BB59-239E06EDDEE0}.Release|x64.Build.0 = Release|x64
		{05A2ADB6-8A32-4351-BB59-239E06EDDEE0}.Release|x86.ActiveCfg = Release|Any CPU
		{3AEC129D-E2AC-4095-9B68-689A06805EEA}.Debug|Any CPU.ActiveCfg = Debug|Any CPU
		{3AEC129D-E2AC-4095-9B68-689A06805EEA}.Debug|Any CPU.Build.0 = Debug|Any CPU
		{3AEC129D-E2AC-4095-9B68-689A06805EEA}.Debug|x64.ActiveCfg = Debug|x64
		{3AEC129D-E2AC-4095-9B68-689A06805EEA}.Debug|x64.Build.0 = Debug|x64
		{3AEC129D-E2AC-4095-9B68-689A06805EEA}.Debug|x86.ActiveCfg = Debug|Any CPU
		{3AEC129D-E2AC-4095-9B68-689A06805EEA}.Release|Any CPU.ActiveCfg = Release|Any CPU
		{3AEC129D-E2AC-4095-9B68-689A06805EEA}.Release|Any CPU.Build.0 = Release|Any CPU
		{3AEC129D-E2AC-4095-9B68-689A06805EEA}.Release|x64.ActiveCfg = Release|x64
		{3AEC129D-E2AC-4095-9B68-689A06805EEA}.Release|x64.Build.0 = Release|x64
		{3AEC129D-E2AC-4095-9B68-689A06805EEA}.Release|x86.ActiveCfg = Release|Any CPU
		{7F3A8F52-FFE9-466B-8048-32F10D0874AC}.Debug|Any CPU.ActiveCfg = Debug|Any CPU
		{7F3A8F52-FFE9-466B-8048-32F10D0874AC}.Debug|Any CPU.Build.0 = Debug|Any CPU
		{7F3A8F52-FFE9-466B-8048-32F10D0874AC}.Debug|x64.ActiveCfg = Debug|x64
		{7F3A8F52-FFE9-466B-8048-32F10D0874AC}.Debug|x64.Build.0 = Debug|x64
		{7F3A8F52-FFE9-466B-8048-32F10D0874AC}.Debug|x86.ActiveCfg = Debug|Any CPU
		{7F3A8F52-FFE9-466B-8048-32F10D0874AC}.Release|Any CPU.ActiveCfg = Release|Any CPU
		{7F3A8F52-FFE9-466B-8048-32F10D0874AC}.Release|Any CPU.Build.0 = Release|Any CPU
		{7F3A8F52-FFE9-466B-8048-32F10D0874AC}.Release|x64.ActiveCfg = Release|x64
		{7F3A8F52-FFE9-466B-8048-32F10D0874AC}.Release|x64.Build.0 = Release|x64
		{7F3A8F52-FFE9-466B-8048-32F10D0874AC}.Release|x86.ActiveCfg = Release|Any CPU
		{C85403B6-44EE-471B-8DE4-F668487993E6}.Debug|Any CPU.ActiveCfg = Debug|Any CPU
		{C85403B6-44EE-471B-8DE4-F668487993E6}.Debug|Any CPU.Build.0 = Debug|Any CPU
		{C85403B6-44EE-471B-8DE4-F668487993E6}.Debug|x64.ActiveCfg = Debug|Any CPU
		{C85403B6-44EE-471B-8DE4-F668487993E6}.Debug|x64.Build.0 = Debug|Any CPU
		{C85403B6-44EE-471B-8DE4-F668487993E6}.Debug|x86.ActiveCfg = Debug|Any CPU
		{C85403B6-44EE-471B-8DE4-F668487993E6}.Debug|x86.Build.0 = Debug|Any CPU
		{C85403B6-44EE-471B-8DE4-F668487993E6}.Release|Any CPU.ActiveCfg = Release|Any CPU
		{C85403B6-44EE-471B-8DE4-F668487993E6}.Release|Any CPU.Build.0 = Release|Any CPU
		{C85403B6-44EE-471B-8DE4-F668487993E6}.Release|x64.ActiveCfg = Release|Any CPU
		{C85403B6-44EE-471B-8DE4-F668487993E6}.Release|x64.Build.0 = Release|Any CPU
		{C85403B6-44EE-471B-8DE4-F668487993E6}.Release|x86.ActiveCfg = Release|Any CPU
		{C85403B6-44EE-471B-8DE4-F668487993E6}.Release|x86.Build.0 = Release|Any CPU
		{6D4CF6A9-E9E9-4E23-B406-05F94C6DD1FA}.Debug|Any CPU.ActiveCfg = Debug|Any CPU
		{6D4CF6A9-E9E9-4E23-B406-05F94C6DD1FA}.Debug|Any CPU.Build.0 = Debug|Any CPU
		{6D4CF6A9-E9E9-4E23-B406-05F94C6DD1FA}.Debug|x64.ActiveCfg = Debug|Any CPU
		{6D4CF6A9-E9E9-4E23-B406-05F94C6DD1FA}.Debug|x64.Build.0 = Debug|Any CPU
		{6D4CF6A9-E9E9-4E23-B406-05F94C6DD1FA}.Debug|x86.ActiveCfg = Debug|Any CPU
		{6D4CF6A9-E9E9-4E23-B406-05F94C6DD1FA}.Debug|x86.Build.0 = Debug|Any CPU
		{6D4CF6A9-E9E9-4E23-B406-05F94C6DD1FA}.Release|Any CPU.ActiveCfg = Release|Any CPU
		{6D4CF6A9-E9E9-4E23-B406-05F94C6DD1FA}.Release|Any CPU.Build.0 = Release|Any CPU
		{6D4CF6A9-E9E9-4E23-B406-05F94C6DD1FA}.Release|x64.ActiveCfg = Release|Any CPU
		{6D4CF6A9-E9E9-4E23-B406-05F94C6DD1FA}.Release|x64.Build.0 = Release|Any CPU
		{6D4CF6A9-E9E9-4E23-B406-05F94C6DD1FA}.Release|x86.ActiveCfg = Release|Any CPU
		{6D4CF6A9-E9E9-4E23-B406-05F94C6DD1FA}.Release|x86.Build.0 = Release|Any CPU
		{3EE70785-812F-4A36-94CB-884D1F7B4076}.Debug|Any CPU.ActiveCfg = Debug|Any CPU
		{3EE70785-812F-4A36-94CB-884D1F7B4076}.Debug|Any CPU.Build.0 = Debug|Any CPU
		{3EE70785-812F-4A36-94CB-884D1F7B4076}.Debug|x64.ActiveCfg = Debug|Any CPU
		{3EE70785-812F-4A36-94CB-884D1F7B4076}.Debug|x64.Build.0 = Debug|Any CPU
		{3EE70785-812F-4A36-94CB-884D1F7B4076}.Debug|x86.ActiveCfg = Debug|Any CPU
		{3EE70785-812F-4A36-94CB-884D1F7B4076}.Debug|x86.Build.0 = Debug|Any CPU
		{3EE70785-812F-4A36-94CB-884D1F7B4076}.Release|Any CPU.ActiveCfg = Release|Any CPU
		{3EE70785-812F-4A36-94CB-884D1F7B4076}.Release|Any CPU.Build.0 = Release|Any CPU
		{3EE70785-812F-4A36-94CB-884D1F7B4076}.Release|x64.ActiveCfg = Release|Any CPU
		{3EE70785-812F-4A36-94CB-884D1F7B4076}.Release|x64.Build.0 = Release|Any CPU
		{3EE70785-812F-4A36-94CB-884D1F7B4076}.Release|x86.ActiveCfg = Release|Any CPU
		{3EE70785-812F-4A36-94CB-884D1F7B4076}.Release|x86.Build.0 = Release|Any CPU
		{77AE61D0-8452-4C6D-A25A-1174BB87C12A}.Debug|Any CPU.ActiveCfg = Debug|Any CPU
		{77AE61D0-8452-4C6D-A25A-1174BB87C12A}.Debug|Any CPU.Build.0 = Debug|Any CPU
		{77AE61D0-8452-4C6D-A25A-1174BB87C12A}.Debug|x64.ActiveCfg = Debug|Any CPU
		{77AE61D0-8452-4C6D-A25A-1174BB87C12A}.Debug|x64.Build.0 = Debug|Any CPU
		{77AE61D0-8452-4C6D-A25A-1174BB87C12A}.Debug|x86.ActiveCfg = Debug|Any CPU
		{77AE61D0-8452-4C6D-A25A-1174BB87C12A}.Debug|x86.Build.0 = Debug|Any CPU
		{77AE61D0-8452-4C6D-A25A-1174BB87C12A}.Release|Any CPU.ActiveCfg = Release|Any CPU
		{77AE61D0-8452-4C6D-A25A-1174BB87C12A}.Release|Any CPU.Build.0 = Release|Any CPU
		{77AE61D0-8452-4C6D-A25A-1174BB87C12A}.Release|x64.ActiveCfg = Release|Any CPU
		{77AE61D0-8452-4C6D-A25A-1174BB87C12A}.Release|x64.Build.0 = Release|Any CPU
		{77AE61D0-8452-4C6D-A25A-1174BB87C12A}.Release|x86.ActiveCfg = Release|Any CPU
		{77AE61D0-8452-4C6D-A25A-1174BB87C12A}.Release|x86.Build.0 = Release|Any CPU
		{1882EA25-7AE2-4888-A652-D216CC00097A}.Debug|Any CPU.ActiveCfg = Debug|Any CPU
		{1882EA25-7AE2-4888-A652-D216CC00097A}.Debug|Any CPU.Build.0 = Debug|Any CPU
		{1882EA25-7AE2-4888-A652-D216CC00097A}.Debug|x64.ActiveCfg = Debug|Any CPU
		{1882EA25-7AE2-4888-A652-D216CC00097A}.Debug|x64.Build.0 = Debug|Any CPU
		{1882EA25-7AE2-4888-A652-D216CC00097A}.Debug|x86.ActiveCfg = Debug|Any CPU
		{1882EA25-7AE2-4888-A652-D216CC00097A}.Debug|x86.Build.0 = Debug|Any CPU
		{1882EA25-7AE2-4888-A652-D216CC00097A}.Release|Any CPU.ActiveCfg = Release|Any CPU
		{1882EA25-7AE2-4888-A652-D216CC00097A}.Release|Any CPU.Build.0 = Release|Any CPU
		{1882EA25-7AE2-4888-A652-D216CC00097A}.Release|x64.ActiveCfg = Release|Any CPU
		{1882EA25-7AE2-4888-A652-D216CC00097A}.Release|x64.Build.0 = Release|Any CPU
		{1882EA25-7AE2-4888-A652-D216CC00097A}.Release|x86.ActiveCfg = Release|Any CPU
		{1882EA25-7AE2-4888-A652-D216CC00097A}.Release|x86.Build.0 = Release|Any CPU
		{610636C6-EDFE-4693-8F90-96B90F35BC55}.Debug|Any CPU.ActiveCfg = Debug|Any CPU
		{610636C6-EDFE-4693-8F90-96B90F35BC55}.Debug|Any CPU.Build.0 = Debug|Any CPU
		{610636C6-EDFE-4693-8F90-96B90F35BC55}.Debug|x64.ActiveCfg = Debug|Any CPU
		{610636C6-EDFE-4693-8F90-96B90F35BC55}.Debug|x64.Build.0 = Debug|Any CPU
		{610636C6-EDFE-4693-8F90-96B90F35BC55}.Debug|x86.ActiveCfg = Debug|Any CPU
		{610636C6-EDFE-4693-8F90-96B90F35BC55}.Debug|x86.Build.0 = Debug|Any CPU
		{610636C6-EDFE-4693-8F90-96B90F35BC55}.Release|Any CPU.ActiveCfg = Release|Any CPU
		{610636C6-EDFE-4693-8F90-96B90F35BC55}.Release|Any CPU.Build.0 = Release|Any CPU
		{610636C6-EDFE-4693-8F90-96B90F35BC55}.Release|x64.ActiveCfg = Release|Any CPU
		{610636C6-EDFE-4693-8F90-96B90F35BC55}.Release|x64.Build.0 = Release|Any CPU
		{610636C6-EDFE-4693-8F90-96B90F35BC55}.Release|x86.ActiveCfg = Release|Any CPU
		{610636C6-EDFE-4693-8F90-96B90F35BC55}.Release|x86.Build.0 = Release|Any CPU
	EndGlobalSection
	GlobalSection(SolutionProperties) = preSolution
		HideSolutionNode = FALSE
	EndGlobalSection
	GlobalSection(NestedProjects) = preSolution
		{38BDD688-8D50-4E89-8148-5EF3C98F2AE8} = {63A03008-458C-4C40-90FE-A4E4C370FEBE}
		{175A3EE0-B235-4C3A-BBF7-9431613FED6F} = {9294F777-A14F-4B1E-AE5A-315FD5224C73}
		{B2586928-8FF2-4FCE-B92B-48B306BB0212} = {9294F777-A14F-4B1E-AE5A-315FD5224C73}
		{112CE240-0818-4DFD-93EA-B9E60FC212B2} = {EB210F01-8EC3-4347-802E-303EF6F17215}
		{2D12183B-7054-4061-B169-4029DB4ED5D0} = {CC2DEC10-DABD-4AA5-994D-D545C6B4A397}
		{05A2ADB6-8A32-4351-BB59-239E06EDDEE0} = {CC2DEC10-DABD-4AA5-994D-D545C6B4A397}
		{3AEC129D-E2AC-4095-9B68-689A06805EEA} = {05285203-50E0-4832-BC01-A3102D4657EE}
		{7F3A8F52-FFE9-466B-8048-32F10D0874AC} = {EB210F01-8EC3-4347-802E-303EF6F17215}
		{C85403B6-44EE-471B-8DE4-F668487993E6} = {05285203-50E0-4832-BC01-A3102D4657EE}
		{9294F777-A14F-4B1E-AE5A-315FD5224C73} = {63A03008-458C-4C40-90FE-A4E4C370FEBE}
		{CC2DEC10-DABD-4AA5-994D-D545C6B4A397} = {63A03008-458C-4C40-90FE-A4E4C370FEBE}
		{EB210F01-8EC3-4347-802E-303EF6F17215} = {63A03008-458C-4C40-90FE-A4E4C370FEBE}
		{05285203-50E0-4832-BC01-A3102D4657EE} = {63A03008-458C-4C40-90FE-A4E4C370FEBE}
		{6D4CF6A9-E9E9-4E23-B406-05F94C6DD1FA} = {CC2DEC10-DABD-4AA5-994D-D545C6B4A397}
		{3EE70785-812F-4A36-94CB-884D1F7B4076} = {EB857644-3967-4872-91D6-74BA76F63981}
		{77AE61D0-8452-4C6D-A25A-1174BB87C12A} = {EB857644-3967-4872-91D6-74BA76F63981}
		{1882EA25-7AE2-4888-A652-D216CC00097A} = {EB857644-3967-4872-91D6-74BA76F63981}
		{610636C6-EDFE-4693-8F90-96B90F35BC55} = {EB857644-3967-4872-91D6-74BA76F63981}
	EndGlobalSection
	GlobalSection(ExtensibilityGlobals) = postSolution
		SolutionGuid = {57B21304-277D-4509-A1FC-2F0C559731C2}
	EndGlobalSection
EndGlobal
